
Microsoft Visual Studio Solution File, Format Version 12.00
# Visual Studio Version 16
VisualStudioVersion = 16.0.30114.105
MinimumVisualStudioVersion = 10.0.40219.1
Project("{FAE04EC0-301F-11D3-BF4B-00C04F79EFBC}") = "MeetingsLibrary", "MeetingsLibrary\MeetingsLibrary.csproj", "{7B266DD6-2F51-4BDF-B7FA-58E44DC8E8FF}"
EndProject
Project("{FAE04EC0-301F-11D3-BF4B-00C04F79EFBC}") = "ConsoleApp", "Console\ConsoleApp.csproj", "{10C648D9-E7FA-40D7-A2A8-5351EA69F111}"
EndProject
Global
	GlobalSection(SolutionConfigurationPlatforms) = preSolution
		Debug|Any CPU = Debug|Any CPU
		Release|Any CPU = Release|Any CPU
	EndGlobalSection
	GlobalSection(ProjectConfigurationPlatforms) = postSolution
		{7B266DD6-2F51-4BDF-B7FA-58E44DC8E8FF}.Debug|Any CPU.ActiveCfg = Debug|Any CPU
		{7B266DD6-2F51-4BDF-B7FA-58E44DC8E8FF}.Debug|Any CPU.Build.0 = Debug|Any CPU
		{7B266DD6-2F51-4BDF-B7FA-58E44DC8E8FF}.Release|Any CPU.ActiveCfg = Release|Any CPU
		{7B266DD6-2F51-4BDF-B7FA-58E44DC8E8FF}.Release|Any CPU.Build.0 = Release|Any CPU
		{10C648D9-E7FA-40D7-A2A8-5351EA69F111}.Debug|Any CPU.ActiveCfg = Debug|Any CPU
		{10C648D9-E7FA-40D7-A2A8-5351EA69F111}.Debug|Any CPU.Build.0 = Debug|Any CPU
		{10C648D9-E7FA-40D7-A2A8-5351EA69F111}.Release|Any CPU.ActiveCfg = Release|Any CPU
		{10C648D9-E7FA-40D7-A2A8-5351EA69F111}.Release|Any CPU.Build.0 = Release|Any CPU
	EndGlobalSection
	GlobalSection(SolutionProperties) = preSolution
		HideSolutionNode = FALSE
	EndGlobalSection
	GlobalSection(ExtensibilityGlobals) = postSolution
		SolutionGuid = {E8C34718-1D36-4D39-ADFA-BEB7C633100D}
	EndGlobalSection
EndGlobal
